
Microsoft Visual Studio Solution File, Format Version 12.00
# Visual Studio Version 17
VisualStudioVersion = 17.14.36221.1
MinimumVisualStudioVersion = 10.0.40219.1
Project("{FAE04EC0-301F-11D3-BF4B-00C04F79EFBC}") = "DemoProject", "DemoProject\DemoProject.csproj", "{75F761E8-174D-4462-BE4E-0493DC59F79C}"
EndProject
Project("{FAE04EC0-301F-11D3-BF4B-00C04F79EFBC}") = "LabUitwerking", "LabUitwerking\LabUitwerking.csproj", "{6871F4C2-C62A-47E0-B1B3-28F5C0805C00}"
EndProject
Project("{FAE04EC0-301F-11D3-BF4B-00C04F79EFBC}") = "DemoProject2", "DemoProject2\DemoProject2.csproj", "{0B63D79A-08CE-4F6C-90E1-0A8F09D4B498}"
EndProject
Project("{FAE04EC0-301F-11D3-BF4B-00C04F79EFBC}") = "HandigeInterfaceDemo", "HandigeInterfaceDemo\HandigeInterfaceDemo.csproj", "{7D89612D-5F66-4BF5-9CB9-583065A33450}"
EndProject
Project("{FAE04EC0-301F-11D3-BF4B-00C04F79EFBC}") = "LambdaDemo", "LambdaDemo\LambdaDemo.csproj", "{B31ABA06-DCB6-4D98-911E-2FDAA433D772}"
EndProject
Project("{FAE04EC0-301F-11D3-BF4B-00C04F79EFBC}") = "LambdaLab", "LambdaLab\LambdaLab.csproj", "{E4513BFE-3553-447B-BAC1-09DB20EA07BB}"
EndProject
Global
	GlobalSection(SolutionConfigurationPlatforms) = preSolution
		Debug|Any CPU = Debug|Any CPU
		Release|Any CPU = Release|Any CPU
	EndGlobalSection
	GlobalSection(ProjectConfigurationPlatforms) = postSolution
		{75F761E8-174D-4462-BE4E-0493DC59F79C}.Debug|Any CPU.ActiveCfg = Debug|Any CPU
		{75F761E8-174D-4462-BE4E-0493DC59F79C}.Debug|Any CPU.Build.0 = Debug|Any CPU
		{75F761E8-174D-4462-BE4E-0493DC59F79C}.Release|Any CPU.ActiveCfg = Release|Any CPU
		{75F761E8-174D-4462-BE4E-0493DC59F79C}.Release|Any CPU.Build.0 = Release|Any CPU
		{6871F4C2-C62A-47E0-B1B3-28F5C0805C00}.Debug|Any CPU.ActiveCfg = Debug|Any CPU
		{6871F4C2-C62A-47E0-B1B3-28F5C0805C00}.Debug|Any CPU.Build.0 = Debug|Any CPU
		{6871F4C2-C62A-47E0-B1B3-28F5C0805C00}.Release|Any CPU.ActiveCfg = Release|Any CPU
		{6871F4C2-C62A-47E0-B1B3-28F5C0805C00}.Release|Any CPU.Build.0 = Release|Any CPU
		{0B63D79A-08CE-4F6C-90E1-0A8F09D4B498}.Debug|Any CPU.ActiveCfg = Debug|Any CPU
		{0B63D79A-08CE-4F6C-90E1-0A8F09D4B498}.Debug|Any CPU.Build.0 = Debug|Any CPU
		{0B63D79A-08CE-4F6C-90E1-0A8F09D4B498}.Release|Any CPU.ActiveCfg = Release|Any CPU
		{0B63D79A-08CE-4F6C-90E1-0A8F09D4B498}.Release|Any CPU.Build.0 = Release|Any CPU
		{7D89612D-5F66-4BF5-9CB9-583065A33450}.Debug|Any CPU.ActiveCfg = Debug|Any CPU
		{7D89612D-5F66-4BF5-9CB9-583065A33450}.Debug|Any CPU.Build.0 = Debug|Any CPU
		{7D89612D-5F66-4BF5-9CB9-583065A33450}.Release|Any CPU.ActiveCfg = Release|Any CPU
		{7D89612D-5F66-4BF5-9CB9-583065A33450}.Release|Any CPU.Build.0 = Release|Any CPU
		{B31ABA06-DCB6-4D98-911E-2FDAA433D772}.Debug|Any CPU.ActiveCfg = Debug|Any CPU
		{B31ABA06-DCB6-4D98-911E-2FDAA433D772}.Debug|Any CPU.Build.0 = Debug|Any CPU
		{B31ABA06-DCB6-4D98-911E-2FDAA433D772}.Release|Any CPU.ActiveCfg = Release|Any CPU
		{B31ABA06-DCB6-4D98-911E-2FDAA433D772}.Release|Any CPU.Build.0 = Release|Any CPU
		{E4513BFE-3553-447B-BAC1-09DB20EA07BB}.Debug|Any CPU.ActiveCfg = Debug|Any CPU
		{E4513BFE-3553-447B-BAC1-09DB20EA07BB}.Debug|Any CPU.Build.0 = Debug|Any CPU
		{E4513BFE-3553-447B-BAC1-09DB20EA07BB}.Release|Any CPU.ActiveCfg = Release|Any CPU
		{E4513BFE-3553-447B-BAC1-09DB20EA07BB}.Release|Any CPU.Build.0 = Release|Any CPU
	EndGlobalSection
	GlobalSection(SolutionProperties) = preSolution
		HideSolutionNode = FALSE
	EndGlobalSection
	GlobalSection(ExtensibilityGlobals) = postSolution
		SolutionGuid = {2E64A932-A1E0-4FBD-B785-C699595B2E64}
	EndGlobalSection
EndGlobal
